<?xml version="1.0" encoding="UTF-8"?>
<Scheme
   LastUpgradeVersion = "0500"
   version = "1.3">
   <BuildAction
      parallelizeBuildables = "YES"
      buildImplicitDependencies = "YES">
      <BuildActionEntries>
         <BuildActionEntry
            buildForTesting = "YES"
            buildForRunning = "YES"
            buildForProfiling = "YES"
            buildForArchiving = "YES"
            buildForAnalyzing = "YES">
            <BuildableReference
               BuildableIdentifier = "primary"
               BlueprintIdentifier = "21B5179646DC44E6AF2C9B5B"
               BuildableName = "Pebble"
               BlueprintName = "Pebble"
               ReferencedContainer = "container:watchface.xcodeproj">
            </BuildableReference>
         </BuildActionEntry>
      </BuildActionEntries>
   </BuildAction>
   <LaunchAction
      selectedDebuggerIdentifier = ""
      selectedLauncherIdentifier = "Xcode.IDEFoundation.Launcher.PosixSpawn"
      launchStyle = "0"
      useCustomWorkingDirectory = "YES"
      buildConfiguration = "Debug"
      ignoresPersistentStateOnLaunch = "NO"
      debugDocumentVersioning = "YES"
      allowLocationSimulation = "YES"
      customWorkingDirectory = "/Volumes/Macintosh HD/Users/alexander/Desktop/Pebble/watchface">
      <AdditionalOptions>
      </AdditionalOptions>
      <PathRunnable
         FilePath = "/usr/local/bin/pebblex">
      </PathRunnable>
      <CommandLineArguments>
         <CommandLineArgument
            argument = "debug --pebble_sdk=/Volumes/Macintosh HD/Users/alexander/Desktop/Pebble/Cellar/pebble-sdk/4.5"
            isEnabled = "YES">
         </CommandLineArgument>
      </CommandLineArguments>
   </LaunchAction>
   <AnalyzeAction
      buildConfiguration = "Debug">
   </AnalyzeAction>
   <ArchiveAction
      buildConfiguration = "Release"
      revealArchiveInOrganizer = "YES">
   </ArchiveAction>
</Scheme>
